
Microsoft Visual Studio Solution File, Format Version 12.00
# Visual Studio 15
VisualStudioVersion = 15.0.28010.2019
MinimumVisualStudioVersion = 10.0.40219.1
Project("{FAE04EC0-301F-11D3-BF4B-00C04F79EFBC}") = "EliteAPI", "EliteAPI\EliteAPI.csproj", "{9B2968C2-1F10-45A0-A388-9DA1FBA3922B}"
EndProject
Project("{FAE04EC0-301F-11D3-BF4B-00C04F79EFBC}") = "Example", "Example\Example.csproj", "{91079C18-94F7-4680-8E51-33F1D7741F67}"
EndProject
Project("{FAE04EC0-301F-11D3-BF4B-00C04F79EFBC}") = "EliteCoPilot", "EliteCoPilot\EliteCoPilot.csproj", "{C2075014-8633-418C-9306-790C9A90AA5F}"
EndProject
Global
	GlobalSection(SolutionConfigurationPlatforms) = preSolution
		Debug|Any CPU = Debug|Any CPU
		Release|Any CPU = Release|Any CPU
	EndGlobalSection
	GlobalSection(ProjectConfigurationPlatforms) = postSolution
		{9B2968C2-1F10-45A0-A388-9DA1FBA3922B}.Debug|Any CPU.ActiveCfg = Debug|Any CPU
		{9B2968C2-1F10-45A0-A388-9DA1FBA3922B}.Debug|Any CPU.Build.0 = Debug|Any CPU
		{9B2968C2-1F10-45A0-A388-9DA1FBA3922B}.Release|Any CPU.ActiveCfg = Release|Any CPU
		{9B2968C2-1F10-45A0-A388-9DA1FBA3922B}.Release|Any CPU.Build.0 = Release|Any CPU
		{91079C18-94F7-4680-8E51-33F1D7741F67}.Debug|Any CPU.ActiveCfg = Debug|Any CPU
		{91079C18-94F7-4680-8E51-33F1D7741F67}.Debug|Any CPU.Build.0 = Debug|Any CPU
		{91079C18-94F7-4680-8E51-33F1D7741F67}.Release|Any CPU.ActiveCfg = Release|Any CPU
		{91079C18-94F7-4680-8E51-33F1D7741F67}.Release|Any CPU.Build.0 = Release|Any CPU
		{C2075014-8633-418C-9306-790C9A90AA5F}.Debug|Any CPU.ActiveCfg = Debug|Any CPU
		{C2075014-8633-418C-9306-790C9A90AA5F}.Debug|Any CPU.Build.0 = Debug|Any CPU
		{C2075014-8633-418C-9306-790C9A90AA5F}.Release|Any CPU.ActiveCfg = Release|Any CPU
		{C2075014-8633-418C-9306-790C9A90AA5F}.Release|Any CPU.Build.0 = Release|Any CPU
	EndGlobalSection
	GlobalSection(SolutionProperties) = preSolution
		HideSolutionNode = FALSE
	EndGlobalSection
	GlobalSection(ExtensibilityGlobals) = postSolution
		SolutionGuid = {0BCC51F1-912C-4035-9484-7A45F70F1790}
	EndGlobalSection
EndGlobal
