
Microsoft Visual Studio Solution File, Format Version 12.00
# Visual Studio Version 16
VisualStudioVersion = 16.0.28729.10
MinimumVisualStudioVersion = 10.0.40219.1
Project("{9A19103F-16F7-4668-BE54-9A1E7A4F7556}") = "EliteAPI", "EliteAPI\EliteAPI.csproj", "{0D8FBA32-1B89-4EB3-BB0C-967667A00ED1}"
EndProject
Project("{FAE04EC0-301F-11D3-BF4B-00C04F79EFBC}") = "EliteAPI.Tests", "EliteAPI.Tests\EliteAPI.Tests.csproj", "{23607EC2-7CFC-4807-BB90-385D59ADB928}"
EndProject
Project("{FAE04EC0-301F-11D3-BF4B-00C04F79EFBC}") = "EliteAPI.Events", "EliteAPI.Events\EliteAPI.Events.csproj", "{9E3E2DA3-51DF-487A-B85E-CDACE5F1AA29}"
EndProject
Project("{FAE04EC0-301F-11D3-BF4B-00C04F79EFBC}") = "Example", "Example\Example.csproj", "{98F4FCB9-F5A2-4159-97F0-3FEEE6620364}"
EndProject
Project("{FAE04EC0-301F-11D3-BF4B-00C04F79EFBC}") = "EliteAPI.Abstractions", "EliteAPI.Abstractions\EliteAPI.Abstractions.csproj", "{D8D89BC9-D7AA-447E-BBC7-E744F00720B0}"
EndProject
Project("{2150E333-8FDC-42A3-9474-1A3956D46DE8}") = "Examples", "Examples", "{2EF6A15E-9838-41A6-9A02-DB1CF9FC0203}"
EndProject
Global
	GlobalSection(SolutionConfigurationPlatforms) = preSolution
		Debug|Any CPU = Debug|Any CPU
		Debug|x86 = Debug|x86
		Release|Any CPU = Release|Any CPU
		Release|x86 = Release|x86
	EndGlobalSection
	GlobalSection(ProjectConfigurationPlatforms) = postSolution
		{0D8FBA32-1B89-4EB3-BB0C-967667A00ED1}.Debug|Any CPU.ActiveCfg = Debug|Any CPU
		{0D8FBA32-1B89-4EB3-BB0C-967667A00ED1}.Debug|Any CPU.Build.0 = Debug|Any CPU
		{0D8FBA32-1B89-4EB3-BB0C-967667A00ED1}.Debug|x86.ActiveCfg = Debug|Any CPU
		{0D8FBA32-1B89-4EB3-BB0C-967667A00ED1}.Debug|x86.Build.0 = Debug|Any CPU
		{0D8FBA32-1B89-4EB3-BB0C-967667A00ED1}.Release|Any CPU.ActiveCfg = Release|Any CPU
		{0D8FBA32-1B89-4EB3-BB0C-967667A00ED1}.Release|Any CPU.Build.0 = Release|Any CPU
		{0D8FBA32-1B89-4EB3-BB0C-967667A00ED1}.Release|x86.ActiveCfg = Release|Any CPU
		{0D8FBA32-1B89-4EB3-BB0C-967667A00ED1}.Release|x86.Build.0 = Release|Any CPU
		{23607EC2-7CFC-4807-BB90-385D59ADB928}.Debug|Any CPU.ActiveCfg = Debug|Any CPU
		{23607EC2-7CFC-4807-BB90-385D59ADB928}.Debug|Any CPU.Build.0 = Debug|Any CPU
		{23607EC2-7CFC-4807-BB90-385D59ADB928}.Debug|x86.ActiveCfg = Debug|Any CPU
		{23607EC2-7CFC-4807-BB90-385D59ADB928}.Debug|x86.Build.0 = Debug|Any CPU
		{23607EC2-7CFC-4807-BB90-385D59ADB928}.Release|Any CPU.ActiveCfg = Release|Any CPU
		{23607EC2-7CFC-4807-BB90-385D59ADB928}.Release|Any CPU.Build.0 = Release|Any CPU
		{23607EC2-7CFC-4807-BB90-385D59ADB928}.Release|x86.ActiveCfg = Release|Any CPU
		{23607EC2-7CFC-4807-BB90-385D59ADB928}.Release|x86.Build.0 = Release|Any CPU
		{9E3E2DA3-51DF-487A-B85E-CDACE5F1AA29}.Debug|Any CPU.ActiveCfg = Debug|Any CPU
		{9E3E2DA3-51DF-487A-B85E-CDACE5F1AA29}.Debug|Any CPU.Build.0 = Debug|Any CPU
		{9E3E2DA3-51DF-487A-B85E-CDACE5F1AA29}.Debug|x86.ActiveCfg = Debug|Any CPU
		{9E3E2DA3-51DF-487A-B85E-CDACE5F1AA29}.Debug|x86.Build.0 = Debug|Any CPU
		{9E3E2DA3-51DF-487A-B85E-CDACE5F1AA29}.Release|Any CPU.ActiveCfg = Release|Any CPU
		{9E3E2DA3-51DF-487A-B85E-CDACE5F1AA29}.Release|Any CPU.Build.0 = Release|Any CPU
		{9E3E2DA3-51DF-487A-B85E-CDACE5F1AA29}.Release|x86.ActiveCfg = Release|Any CPU
		{9E3E2DA3-51DF-487A-B85E-CDACE5F1AA29}.Release|x86.Build.0 = Release|Any CPU
		{98F4FCB9-F5A2-4159-97F0-3FEEE6620364}.Debug|Any CPU.ActiveCfg = Debug|Any CPU
		{98F4FCB9-F5A2-4159-97F0-3FEEE6620364}.Debug|Any CPU.Build.0 = Debug|Any CPU
		{98F4FCB9-F5A2-4159-97F0-3FEEE6620364}.Debug|x86.ActiveCfg = Debug|Any CPU
		{98F4FCB9-F5A2-4159-97F0-3FEEE6620364}.Debug|x86.Build.0 = Debug|Any CPU
		{98F4FCB9-F5A2-4159-97F0-3FEEE6620364}.Release|Any CPU.ActiveCfg = Release|Any CPU
		{98F4FCB9-F5A2-4159-97F0-3FEEE6620364}.Release|Any CPU.Build.0 = Release|Any CPU
		{98F4FCB9-F5A2-4159-97F0-3FEEE6620364}.Release|x86.ActiveCfg = Release|Any CPU
		{98F4FCB9-F5A2-4159-97F0-3FEEE6620364}.Release|x86.Build.0 = Release|Any CPU
		{D8D89BC9-D7AA-447E-BBC7-E744F00720B0}.Debug|Any CPU.ActiveCfg = Debug|Any CPU
		{D8D89BC9-D7AA-447E-BBC7-E744F00720B0}.Debug|Any CPU.Build.0 = Debug|Any CPU
		{D8D89BC9-D7AA-447E-BBC7-E744F00720B0}.Debug|x86.ActiveCfg = Debug|Any CPU
		{D8D89BC9-D7AA-447E-BBC7-E744F00720B0}.Debug|x86.Build.0 = Debug|Any CPU
		{D8D89BC9-D7AA-447E-BBC7-E744F00720B0}.Release|Any CPU.ActiveCfg = Release|Any CPU
		{D8D89BC9-D7AA-447E-BBC7-E744F00720B0}.Release|Any CPU.Build.0 = Release|Any CPU
		{D8D89BC9-D7AA-447E-BBC7-E744F00720B0}.Release|x86.ActiveCfg = Release|Any CPU
		{D8D89BC9-D7AA-447E-BBC7-E744F00720B0}.Release|x86.Build.0 = Release|Any CPU
	EndGlobalSection
	GlobalSection(SolutionProperties) = preSolution
		HideSolutionNode = FALSE
	EndGlobalSection
	GlobalSection(NestedProjects) = preSolution
		{98F4FCB9-F5A2-4159-97F0-3FEEE6620364} = {2EF6A15E-9838-41A6-9A02-DB1CF9FC0203}
	EndGlobalSection
	GlobalSection(ExtensibilityGlobals) = postSolution
		SolutionGuid = {0BCC51F1-912C-4035-9484-7A45F70F1790}
	EndGlobalSection
EndGlobal
