
Microsoft Visual Studio Solution File, Format Version 12.00
# Visual Studio Version 16
VisualStudioVersion = 16.0.28729.10
MinimumVisualStudioVersion = 10.0.40219.1
Project("{9A19103F-16F7-4668-BE54-9A1E7A4F7556}") = "EliteAPI", "EliteAPI\EliteAPI.csproj", "{0D8FBA32-1B89-4EB3-BB0C-967667A00ED1}"
EndProject
Project("{FAE04EC0-301F-11D3-BF4B-00C04F79EFBC}") = "EliteAPI.Events", "EliteAPI.Events\EliteAPI.Events.csproj", "{9E3E2DA3-51DF-487A-B85E-CDACE5F1AA29}"
EndProject
Project("{FAE04EC0-301F-11D3-BF4B-00C04F79EFBC}") = "EliteAPI.Abstractions", "EliteAPI.Abstractions\EliteAPI.Abstractions.csproj", "{D8D89BC9-D7AA-447E-BBC7-E744F00720B0}"
EndProject
Project("{2150E333-8FDC-42A3-9474-1A3956D46DE8}") = "Examples", "Examples", "{2EF6A15E-9838-41A6-9A02-DB1CF9FC0203}"
EndProject
Project("{FAE04EC0-301F-11D3-BF4B-00C04F79EFBC}") = "EliteAPI.Tests", "EliteAPI.Tests\EliteAPI.Tests.csproj", "{856F6019-7B19-40C7-9E45-A0FC155734E0}"
EndProject
Project("{2150E333-8FDC-42A3-9474-1A3956D46DE8}") = "Web", "Web", "{C7227294-F9EC-4261-A3EC-46905B102AAA}"
EndProject
Project("{FAE04EC0-301F-11D3-BF4B-00C04F79EFBC}") = "EliteAPI.Web", "EliteAPI.Web\EliteAPI.Web.csproj", "{5D61C5AF-0D5F-4CFC-9F16-8D57463BC3D1}"
EndProject
Project("{FAE04EC0-301F-11D3-BF4B-00C04F79EFBC}") = "EliteAPI.Web.Spansh", "EliteAPI.Web.Spansh\EliteAPI.Web.Spansh.csproj", "{CD529DF1-E744-4CC5-8403-D9B4491CF039}"
EndProject
Project("{FAE04EC0-301F-11D3-BF4B-00C04F79EFBC}") = "Example.Web", "Examples\Example.Web\Example.Web.csproj", "{227FD5FE-1EC3-4EF6-A91F-258A2212CDD8}"
EndProject
Project("{FAE04EC0-301F-11D3-BF4B-00C04F79EFBC}") = "Example", "Examples\Example\Example.csproj", "{3081E506-FF91-4C57-A687-F5E125AC1EB3}"
EndProject
Project("{FAE04EC0-301F-11D3-BF4B-00C04F79EFBC}") = "EliteAPI.Status", "EliteAPI.Status\EliteAPI.Status.csproj", "{4069AA43-FF58-4884-9353-9F08767A5DE1}"
EndProject
Project("{FAE04EC0-301F-11D3-BF4B-00C04F79EFBC}") = "EliteAPI.Events.Generator", "EliteAPI.Events.Generator\EliteAPI.Events.Generator.csproj", "{8048CC9D-4B32-478F-A2FB-56CC5F801047}"
EndProject
Project("{2150E333-8FDC-42A3-9474-1A3956D46DE8}") = "EDDN", "EDDN", "{67277783-BAB8-4A5C-B692-7EDD57A12801}"
EndProject
Project("{FAE04EC0-301F-11D3-BF4B-00C04F79EFBC}") = "EliteAPI.EDDN", "EDDN\EliteAPI.EDDN\EliteAPI.EDDN.csproj", "{F747B42B-8DCD-4455-875C-8F64CC2258C4}"
EndProject
Project("{FAE04EC0-301F-11D3-BF4B-00C04F79EFBC}") = "EliteAPI.EDDN.Generator", "EDDN\EliteAPI.EDDN.Generator\EliteAPI.EDDN.Generator.csproj", "{5FCEA4C3-6C05-4943-96D4-0FC690BDDE88}"
EndProject
Project("{2150E333-8FDC-42A3-9474-1A3956D46DE8}") = "Discord", "Discord", "{340AA210-B93D-4FF2-A29F-92F80011747B}"
EndProject
Project("{FAE04EC0-301F-11D3-BF4B-00C04F79EFBC}") = "EliteAPI.Discord", "Discord\EliteAPI.Discord\EliteAPI.Discord.csproj", "{BE251433-30C9-4E74-894A-25C19176C4FD}"
EndProject
Global
	GlobalSection(SolutionConfigurationPlatforms) = preSolution
		Debug|Any CPU = Debug|Any CPU
		Debug|x86 = Debug|x86
		Release|Any CPU = Release|Any CPU
		Release|x86 = Release|x86
	EndGlobalSection
	GlobalSection(ProjectConfigurationPlatforms) = postSolution
		{0D8FBA32-1B89-4EB3-BB0C-967667A00ED1}.Debug|Any CPU.ActiveCfg = Debug|Any CPU
		{0D8FBA32-1B89-4EB3-BB0C-967667A00ED1}.Debug|Any CPU.Build.0 = Debug|Any CPU
		{0D8FBA32-1B89-4EB3-BB0C-967667A00ED1}.Debug|x86.ActiveCfg = Debug|Any CPU
		{0D8FBA32-1B89-4EB3-BB0C-967667A00ED1}.Debug|x86.Build.0 = Debug|Any CPU
		{0D8FBA32-1B89-4EB3-BB0C-967667A00ED1}.Release|Any CPU.ActiveCfg = Release|Any CPU
		{0D8FBA32-1B89-4EB3-BB0C-967667A00ED1}.Release|Any CPU.Build.0 = Release|Any CPU
		{0D8FBA32-1B89-4EB3-BB0C-967667A00ED1}.Release|x86.ActiveCfg = Release|Any CPU
		{0D8FBA32-1B89-4EB3-BB0C-967667A00ED1}.Release|x86.Build.0 = Release|Any CPU
		{23607EC2-7CFC-4807-BB90-385D59ADB928}.Debug|Any CPU.ActiveCfg = Debug|Any CPU
		{23607EC2-7CFC-4807-BB90-385D59ADB928}.Debug|Any CPU.Build.0 = Debug|Any CPU
		{23607EC2-7CFC-4807-BB90-385D59ADB928}.Debug|x86.ActiveCfg = Debug|Any CPU
		{23607EC2-7CFC-4807-BB90-385D59ADB928}.Debug|x86.Build.0 = Debug|Any CPU
		{23607EC2-7CFC-4807-BB90-385D59ADB928}.Release|Any CPU.ActiveCfg = Release|Any CPU
		{23607EC2-7CFC-4807-BB90-385D59ADB928}.Release|Any CPU.Build.0 = Release|Any CPU
		{23607EC2-7CFC-4807-BB90-385D59ADB928}.Release|x86.ActiveCfg = Release|Any CPU
		{23607EC2-7CFC-4807-BB90-385D59ADB928}.Release|x86.Build.0 = Release|Any CPU
		{9E3E2DA3-51DF-487A-B85E-CDACE5F1AA29}.Debug|Any CPU.ActiveCfg = Debug|Any CPU
		{9E3E2DA3-51DF-487A-B85E-CDACE5F1AA29}.Debug|Any CPU.Build.0 = Debug|Any CPU
		{9E3E2DA3-51DF-487A-B85E-CDACE5F1AA29}.Debug|x86.ActiveCfg = Debug|Any CPU
		{9E3E2DA3-51DF-487A-B85E-CDACE5F1AA29}.Debug|x86.Build.0 = Debug|Any CPU
		{9E3E2DA3-51DF-487A-B85E-CDACE5F1AA29}.Release|Any CPU.ActiveCfg = Release|Any CPU
		{9E3E2DA3-51DF-487A-B85E-CDACE5F1AA29}.Release|Any CPU.Build.0 = Release|Any CPU
		{9E3E2DA3-51DF-487A-B85E-CDACE5F1AA29}.Release|x86.ActiveCfg = Release|Any CPU
		{9E3E2DA3-51DF-487A-B85E-CDACE5F1AA29}.Release|x86.Build.0 = Release|Any CPU
		{D8D89BC9-D7AA-447E-BBC7-E744F00720B0}.Debug|Any CPU.ActiveCfg = Debug|Any CPU
		{D8D89BC9-D7AA-447E-BBC7-E744F00720B0}.Debug|Any CPU.Build.0 = Debug|Any CPU
		{D8D89BC9-D7AA-447E-BBC7-E744F00720B0}.Debug|x86.ActiveCfg = Debug|Any CPU
		{D8D89BC9-D7AA-447E-BBC7-E744F00720B0}.Debug|x86.Build.0 = Debug|Any CPU
		{D8D89BC9-D7AA-447E-BBC7-E744F00720B0}.Release|Any CPU.ActiveCfg = Release|Any CPU
		{D8D89BC9-D7AA-447E-BBC7-E744F00720B0}.Release|Any CPU.Build.0 = Release|Any CPU
		{D8D89BC9-D7AA-447E-BBC7-E744F00720B0}.Release|x86.ActiveCfg = Release|Any CPU
		{D8D89BC9-D7AA-447E-BBC7-E744F00720B0}.Release|x86.Build.0 = Release|Any CPU
		{856F6019-7B19-40C7-9E45-A0FC155734E0}.Debug|Any CPU.ActiveCfg = Debug|Any CPU
		{856F6019-7B19-40C7-9E45-A0FC155734E0}.Debug|Any CPU.Build.0 = Debug|Any CPU
		{856F6019-7B19-40C7-9E45-A0FC155734E0}.Debug|x86.ActiveCfg = Debug|Any CPU
		{856F6019-7B19-40C7-9E45-A0FC155734E0}.Debug|x86.Build.0 = Debug|Any CPU
		{856F6019-7B19-40C7-9E45-A0FC155734E0}.Release|Any CPU.ActiveCfg = Release|Any CPU
		{856F6019-7B19-40C7-9E45-A0FC155734E0}.Release|Any CPU.Build.0 = Release|Any CPU
		{856F6019-7B19-40C7-9E45-A0FC155734E0}.Release|x86.ActiveCfg = Release|Any CPU
		{856F6019-7B19-40C7-9E45-A0FC155734E0}.Release|x86.Build.0 = Release|Any CPU
		{5D61C5AF-0D5F-4CFC-9F16-8D57463BC3D1}.Debug|Any CPU.ActiveCfg = Debug|Any CPU
		{5D61C5AF-0D5F-4CFC-9F16-8D57463BC3D1}.Debug|Any CPU.Build.0 = Debug|Any CPU
		{5D61C5AF-0D5F-4CFC-9F16-8D57463BC3D1}.Debug|x86.ActiveCfg = Debug|Any CPU
		{5D61C5AF-0D5F-4CFC-9F16-8D57463BC3D1}.Debug|x86.Build.0 = Debug|Any CPU
		{5D61C5AF-0D5F-4CFC-9F16-8D57463BC3D1}.Release|Any CPU.ActiveCfg = Release|Any CPU
		{5D61C5AF-0D5F-4CFC-9F16-8D57463BC3D1}.Release|Any CPU.Build.0 = Release|Any CPU
		{5D61C5AF-0D5F-4CFC-9F16-8D57463BC3D1}.Release|x86.ActiveCfg = Release|Any CPU
		{5D61C5AF-0D5F-4CFC-9F16-8D57463BC3D1}.Release|x86.Build.0 = Release|Any CPU
		{CD529DF1-E744-4CC5-8403-D9B4491CF039}.Debug|Any CPU.ActiveCfg = Debug|Any CPU
		{CD529DF1-E744-4CC5-8403-D9B4491CF039}.Debug|Any CPU.Build.0 = Debug|Any CPU
		{CD529DF1-E744-4CC5-8403-D9B4491CF039}.Debug|x86.ActiveCfg = Debug|Any CPU
		{CD529DF1-E744-4CC5-8403-D9B4491CF039}.Debug|x86.Build.0 = Debug|Any CPU
		{CD529DF1-E744-4CC5-8403-D9B4491CF039}.Release|Any CPU.ActiveCfg = Release|Any CPU
		{CD529DF1-E744-4CC5-8403-D9B4491CF039}.Release|Any CPU.Build.0 = Release|Any CPU
		{CD529DF1-E744-4CC5-8403-D9B4491CF039}.Release|x86.ActiveCfg = Release|Any CPU
		{CD529DF1-E744-4CC5-8403-D9B4491CF039}.Release|x86.Build.0 = Release|Any CPU
		{227FD5FE-1EC3-4EF6-A91F-258A2212CDD8}.Debug|Any CPU.ActiveCfg = Debug|Any CPU
		{227FD5FE-1EC3-4EF6-A91F-258A2212CDD8}.Debug|Any CPU.Build.0 = Debug|Any CPU
		{227FD5FE-1EC3-4EF6-A91F-258A2212CDD8}.Debug|x86.ActiveCfg = Debug|Any CPU
		{227FD5FE-1EC3-4EF6-A91F-258A2212CDD8}.Debug|x86.Build.0 = Debug|Any CPU
		{227FD5FE-1EC3-4EF6-A91F-258A2212CDD8}.Release|Any CPU.ActiveCfg = Release|Any CPU
		{227FD5FE-1EC3-4EF6-A91F-258A2212CDD8}.Release|Any CPU.Build.0 = Release|Any CPU
		{227FD5FE-1EC3-4EF6-A91F-258A2212CDD8}.Release|x86.ActiveCfg = Release|Any CPU
		{227FD5FE-1EC3-4EF6-A91F-258A2212CDD8}.Release|x86.Build.0 = Release|Any CPU
		{3081E506-FF91-4C57-A687-F5E125AC1EB3}.Debug|Any CPU.ActiveCfg = Debug|Any CPU
		{3081E506-FF91-4C57-A687-F5E125AC1EB3}.Debug|Any CPU.Build.0 = Debug|Any CPU
		{3081E506-FF91-4C57-A687-F5E125AC1EB3}.Debug|x86.ActiveCfg = Debug|Any CPU
		{3081E506-FF91-4C57-A687-F5E125AC1EB3}.Debug|x86.Build.0 = Debug|Any CPU
		{3081E506-FF91-4C57-A687-F5E125AC1EB3}.Release|Any CPU.ActiveCfg = Release|Any CPU
		{3081E506-FF91-4C57-A687-F5E125AC1EB3}.Release|Any CPU.Build.0 = Release|Any CPU
		{3081E506-FF91-4C57-A687-F5E125AC1EB3}.Release|x86.ActiveCfg = Release|Any CPU
		{3081E506-FF91-4C57-A687-F5E125AC1EB3}.Release|x86.Build.0 = Release|Any CPU
		{4069AA43-FF58-4884-9353-9F08767A5DE1}.Debug|Any CPU.ActiveCfg = Debug|Any CPU
		{4069AA43-FF58-4884-9353-9F08767A5DE1}.Debug|Any CPU.Build.0 = Debug|Any CPU
		{4069AA43-FF58-4884-9353-9F08767A5DE1}.Debug|x86.ActiveCfg = Debug|Any CPU
		{4069AA43-FF58-4884-9353-9F08767A5DE1}.Debug|x86.Build.0 = Debug|Any CPU
		{4069AA43-FF58-4884-9353-9F08767A5DE1}.Release|Any CPU.ActiveCfg = Release|Any CPU
		{4069AA43-FF58-4884-9353-9F08767A5DE1}.Release|Any CPU.Build.0 = Release|Any CPU
		{4069AA43-FF58-4884-9353-9F08767A5DE1}.Release|x86.ActiveCfg = Release|Any CPU
		{4069AA43-FF58-4884-9353-9F08767A5DE1}.Release|x86.Build.0 = Release|Any CPU
		{8048CC9D-4B32-478F-A2FB-56CC5F801047}.Debug|Any CPU.ActiveCfg = Debug|Any CPU
		{8048CC9D-4B32-478F-A2FB-56CC5F801047}.Debug|Any CPU.Build.0 = Debug|Any CPU
		{8048CC9D-4B32-478F-A2FB-56CC5F801047}.Debug|x86.ActiveCfg = Debug|Any CPU
		{8048CC9D-4B32-478F-A2FB-56CC5F801047}.Debug|x86.Build.0 = Debug|Any CPU
		{8048CC9D-4B32-478F-A2FB-56CC5F801047}.Release|Any CPU.ActiveCfg = Release|Any CPU
		{8048CC9D-4B32-478F-A2FB-56CC5F801047}.Release|Any CPU.Build.0 = Release|Any CPU
		{8048CC9D-4B32-478F-A2FB-56CC5F801047}.Release|x86.ActiveCfg = Release|Any CPU
		{8048CC9D-4B32-478F-A2FB-56CC5F801047}.Release|x86.Build.0 = Release|Any CPU
		{F747B42B-8DCD-4455-875C-8F64CC2258C4}.Debug|Any CPU.ActiveCfg = Debug|Any CPU
		{F747B42B-8DCD-4455-875C-8F64CC2258C4}.Debug|Any CPU.Build.0 = Debug|Any CPU
		{F747B42B-8DCD-4455-875C-8F64CC2258C4}.Debug|x86.ActiveCfg = Debug|Any CPU
		{F747B42B-8DCD-4455-875C-8F64CC2258C4}.Debug|x86.Build.0 = Debug|Any CPU
		{F747B42B-8DCD-4455-875C-8F64CC2258C4}.Release|Any CPU.ActiveCfg = Release|Any CPU
		{F747B42B-8DCD-4455-875C-8F64CC2258C4}.Release|Any CPU.Build.0 = Release|Any CPU
		{F747B42B-8DCD-4455-875C-8F64CC2258C4}.Release|x86.ActiveCfg = Release|Any CPU
		{F747B42B-8DCD-4455-875C-8F64CC2258C4}.Release|x86.Build.0 = Release|Any CPU
		{5FCEA4C3-6C05-4943-96D4-0FC690BDDE88}.Debug|Any CPU.ActiveCfg = Debug|Any CPU
		{5FCEA4C3-6C05-4943-96D4-0FC690BDDE88}.Debug|Any CPU.Build.0 = Debug|Any CPU
		{5FCEA4C3-6C05-4943-96D4-0FC690BDDE88}.Debug|x86.ActiveCfg = Debug|Any CPU
		{5FCEA4C3-6C05-4943-96D4-0FC690BDDE88}.Debug|x86.Build.0 = Debug|Any CPU
		{5FCEA4C3-6C05-4943-96D4-0FC690BDDE88}.Release|Any CPU.ActiveCfg = Release|Any CPU
		{5FCEA4C3-6C05-4943-96D4-0FC690BDDE88}.Release|Any CPU.Build.0 = Release|Any CPU
		{5FCEA4C3-6C05-4943-96D4-0FC690BDDE88}.Release|x86.ActiveCfg = Release|Any CPU
		{5FCEA4C3-6C05-4943-96D4-0FC690BDDE88}.Release|x86.Build.0 = Release|Any CPU
		{BE251433-30C9-4E74-894A-25C19176C4FD}.Debug|Any CPU.ActiveCfg = Debug|Any CPU
		{BE251433-30C9-4E74-894A-25C19176C4FD}.Debug|Any CPU.Build.0 = Debug|Any CPU
		{BE251433-30C9-4E74-894A-25C19176C4FD}.Debug|x86.ActiveCfg = Debug|Any CPU
		{BE251433-30C9-4E74-894A-25C19176C4FD}.Debug|x86.Build.0 = Debug|Any CPU
		{BE251433-30C9-4E74-894A-25C19176C4FD}.Release|Any CPU.ActiveCfg = Release|Any CPU
		{BE251433-30C9-4E74-894A-25C19176C4FD}.Release|Any CPU.Build.0 = Release|Any CPU
		{BE251433-30C9-4E74-894A-25C19176C4FD}.Release|x86.ActiveCfg = Release|Any CPU
		{BE251433-30C9-4E74-894A-25C19176C4FD}.Release|x86.Build.0 = Release|Any CPU
	EndGlobalSection
	GlobalSection(SolutionProperties) = preSolution
		HideSolutionNode = FALSE
	EndGlobalSection
	GlobalSection(NestedProjects) = preSolution
		{5D61C5AF-0D5F-4CFC-9F16-8D57463BC3D1} = {C7227294-F9EC-4261-A3EC-46905B102AAA}
		{CD529DF1-E744-4CC5-8403-D9B4491CF039} = {C7227294-F9EC-4261-A3EC-46905B102AAA}
		{227FD5FE-1EC3-4EF6-A91F-258A2212CDD8} = {2EF6A15E-9838-41A6-9A02-DB1CF9FC0203}
		{3081E506-FF91-4C57-A687-F5E125AC1EB3} = {2EF6A15E-9838-41A6-9A02-DB1CF9FC0203}
		{F747B42B-8DCD-4455-875C-8F64CC2258C4} = {67277783-BAB8-4A5C-B692-7EDD57A12801}
		{5FCEA4C3-6C05-4943-96D4-0FC690BDDE88} = {67277783-BAB8-4A5C-B692-7EDD57A12801}
		{BE251433-30C9-4E74-894A-25C19176C4FD} = {340AA210-B93D-4FF2-A29F-92F80011747B}
	EndGlobalSection
	GlobalSection(ExtensibilityGlobals) = postSolution
		SolutionGuid = {0BCC51F1-912C-4035-9484-7A45F70F1790}
	EndGlobalSection
EndGlobal
